{
  "name": "ds-caselaw-prototypes",
  "lockfileVersion": 2,
  "requires": true,
  "packages": {
    "": {
      "dependencies": {
        "govuk-frontend": "^4.5.0"
      }
    },
    "node_modules/govuk-frontend": {
      "version": "4.5.0",
      "resolved": "https://registry.npmjs.org/govuk-frontend/-/govuk-frontend-4.5.0.tgz",
      "integrity": "sha512-gZHDqf5vdlHjmx0NGJiNT12XLyR3d5KCS4AnlC3xTWOObJ0kQROrkIFyp3w4/PY3EQiYdgacVaJ6lizzygnzYw==",
      "engines": {
        "node": ">= 4.2.0"
      }
    }
  },
  "dependencies": {
    "govuk-frontend": {
      "version": "4.5.0",
      "resolved": "https://registry.npmjs.org/govuk-frontend/-/govuk-frontend-4.5.0.tgz",
      "integrity": "sha512-gZHDqf5vdlHjmx0NGJiNT12XLyR3d5KCS4AnlC3xTWOObJ0kQROrkIFyp3w4/PY3EQiYdgacVaJ6lizzygnzYw=="
    }
  }
}
